
Microsoft Visual Studio Solution File, Format Version 12.00
# Visual Studio 2015
Project("{FAE04EC0-301F-11D3-BF4B-00C04F79EFBC}") = "neuron.CSharp.Plugins", "neuron.CSharp.Plugins.csproj", "{91482CAF-6327-AB4F-5EF2-EF35D2F3B27F}"
EndProject
Project("{FAE04EC0-301F-11D3-BF4B-00C04F79EFBC}") = "neuron.CSharp", "neuron.CSharp.csproj", "{1CECBE6F-9F85-6018-9002-E792054A3888}"
EndProject
Project("{FAE04EC0-301F-11D3-BF4B-00C04F79EFBC}") = "neuron.CSharp.Editor", "neuron.CSharp.Editor.csproj", "{5ADA9AB3-7A38-D483-0938-1783DBE0C863}"
EndProject
Global
	GlobalSection(SolutionConfigurationPlatforms) = preSolution
		Debug|Any CPU = Debug|Any CPU
		Release|Any CPU = Release|Any CPU
	EndGlobalSection
	GlobalSection(ProjectConfigurationPlatforms) = postSolution
		{91482CAF-6327-AB4F-5EF2-EF35D2F3B27F}.Debug|Any CPU.ActiveCfg = Debug|Any CPU
		{91482CAF-6327-AB4F-5EF2-EF35D2F3B27F}.Debug|Any CPU.Build.0 = Debug|Any CPU
		{91482CAF-6327-AB4F-5EF2-EF35D2F3B27F}.Release|Any CPU.ActiveCfg = Release|Any CPU
		{91482CAF-6327-AB4F-5EF2-EF35D2F3B27F}.Release|Any CPU.Build.0 = Release|Any CPU
		{1CECBE6F-9F85-6018-9002-E792054A3888}.Debug|Any CPU.ActiveCfg = Debug|Any CPU
		{1CECBE6F-9F85-6018-9002-E792054A3888}.Debug|Any CPU.Build.0 = Debug|Any CPU
		{1CECBE6F-9F85-6018-9002-E792054A3888}.Release|Any CPU.ActiveCfg = Release|Any CPU
		{1CECBE6F-9F85-6018-9002-E792054A3888}.Release|Any CPU.Build.0 = Release|Any CPU
		{5ADA9AB3-7A38-D483-0938-1783DBE0C863}.Debug|Any CPU.ActiveCfg = Debug|Any CPU
		{5ADA9AB3-7A38-D483-0938-1783DBE0C863}.Debug|Any CPU.Build.0 = Debug|Any CPU
		{5ADA9AB3-7A38-D483-0938-1783DBE0C863}.Release|Any CPU.ActiveCfg = Release|Any CPU
		{5ADA9AB3-7A38-D483-0938-1783DBE0C863}.Release|Any CPU.Build.0 = Release|Any CPU
	EndGlobalSection
	GlobalSection(SolutionProperties) = preSolution
		HideSolutionNode = FALSE
	EndGlobalSection
EndGlobal
