
Microsoft Visual Studio Solution File, Format Version 12.00
# Visual Studio 2017
Project("{FAE04EC0-301F-11D3-BF4B-00C04F79EFBC}") = "neuron.Plugins", "neuron.Plugins.csproj", "{92D623AB-663B-E4D9-8856-C791FCD8D738}"
EndProject
Project("{FAE04EC0-301F-11D3-BF4B-00C04F79EFBC}") = "neuron", "neuron.csproj", "{BD0EBD0B-7A2C-6491-3782-7A56ABF0A619}"
EndProject
Project("{FAE04EC0-301F-11D3-BF4B-00C04F79EFBC}") = "neuron.Editor", "neuron.Editor.csproj", "{ED966C5A-AF26-91E3-98BE-932EBC410C95}"
EndProject
Global
	GlobalSection(SolutionConfigurationPlatforms) = preSolution
		Debug|Any CPU = Debug|Any CPU
		Release|Any CPU = Release|Any CPU
	EndGlobalSection
	GlobalSection(ProjectConfigurationPlatforms) = postSolution
		{92D623AB-663B-E4D9-8856-C791FCD8D738}.Debug|Any CPU.ActiveCfg = Debug|Any CPU
		{92D623AB-663B-E4D9-8856-C791FCD8D738}.Debug|Any CPU.Build.0 = Debug|Any CPU
		{92D623AB-663B-E4D9-8856-C791FCD8D738}.Release|Any CPU.ActiveCfg = Release|Any CPU
		{92D623AB-663B-E4D9-8856-C791FCD8D738}.Release|Any CPU.Build.0 = Release|Any CPU
		{BD0EBD0B-7A2C-6491-3782-7A56ABF0A619}.Debug|Any CPU.ActiveCfg = Debug|Any CPU
		{BD0EBD0B-7A2C-6491-3782-7A56ABF0A619}.Debug|Any CPU.Build.0 = Debug|Any CPU
		{BD0EBD0B-7A2C-6491-3782-7A56ABF0A619}.Release|Any CPU.ActiveCfg = Release|Any CPU
		{BD0EBD0B-7A2C-6491-3782-7A56ABF0A619}.Release|Any CPU.Build.0 = Release|Any CPU
		{ED966C5A-AF26-91E3-98BE-932EBC410C95}.Debug|Any CPU.ActiveCfg = Debug|Any CPU
		{ED966C5A-AF26-91E3-98BE-932EBC410C95}.Debug|Any CPU.Build.0 = Debug|Any CPU
		{ED966C5A-AF26-91E3-98BE-932EBC410C95}.Release|Any CPU.ActiveCfg = Release|Any CPU
		{ED966C5A-AF26-91E3-98BE-932EBC410C95}.Release|Any CPU.Build.0 = Release|Any CPU
	EndGlobalSection
	GlobalSection(SolutionProperties) = preSolution
		HideSolutionNode = FALSE
	EndGlobalSection
EndGlobal
